
Microsoft Visual Studio Solution File, Format Version 12.00
# Visual Studio Version 17
VisualStudioVersion = 17.0.31903.59
MinimumVisualStudioVersion = 10.0.40219.1
Project("{9A19103F-16F7-4668-BE54-9A1E7A4F7556}") = "MicroApi.Read", "Read\MicroApi.Read\MicroApi.Read.csproj", "{41278EDC-3D6A-4589-8FBD-14263203A540}"
EndProject
Project("{9A19103F-16F7-4668-BE54-9A1E7A4F7556}") = "MicroApi.Read.Example", "Read\MicroApi.Read.Example\MicroApi.Read.Example.csproj", "{B8400918-C31D-46AF-8580-004BBAEA235C}"
EndProject
Project("{9A19103F-16F7-4668-BE54-9A1E7A4F7556}") = "MicroApi.Create.Example", "Create\MicroApi.Create.Example\MicroApi.Create.Example.csproj", "{2A2552EE-46F7-4FB0-A6D9-A0FC0AD7E955}"
EndProject
Project("{9A19103F-16F7-4668-BE54-9A1E7A4F7556}") = "MicroApi.Create", "Create\MicroApi.Create\MicroApi.Create.csproj", "{C1F26871-786F-427C-BB40-9494FD7DF7E7}"
EndProject
Project("{9A19103F-16F7-4668-BE54-9A1E7A4F7556}") = "MicroApi", "MicroApi\MicroApi.csproj", "{31E54E9A-360B-4238-B79D-9C12277857FB}"
EndProject
Project("{2150E333-8FDC-42A3-9474-1A3956D46DE8}") = "Read", "Read", "{6CFE6B23-8948-44C2-A9AE-F0B33CB05FB8}"
EndProject
Project("{9A19103F-16F7-4668-BE54-9A1E7A4F7556}") = "MicroApi.Read.Testing.UnitTests", "Read\MicroApi.Read.Testing.UnitTests\MicroApi.Read.Testing.UnitTests.csproj", "{972EBD6A-AE45-44F4-9BDD-F38C001B24A2}"
EndProject
Project("{2150E333-8FDC-42A3-9474-1A3956D46DE8}") = "Create", "Create", "{3E994F56-0FA7-4C93-9004-D63795F27850}"
EndProject
Project("{9A19103F-16F7-4668-BE54-9A1E7A4F7556}") = "MicroApi.Create.Testing.UnitTests", "Create\MicroApi.Create.Testing.UnitTests\MicroApi.Create.Testing.UnitTests.csproj", "{CC55323C-6945-4C49-BFFF-EC04519F4A09}"
EndProject
Project("{2150E333-8FDC-42A3-9474-1A3956D46DE8}") = "Update", "Update", "{20DDC667-8ED4-417E-8E79-E009DE4F8181}"
EndProject
Project("{9A19103F-16F7-4668-BE54-9A1E7A4F7556}") = "MicroApi.Update", "Update\MicroApi.Update\MicroApi.Update.csproj", "{B6107615-E890-405F-ADDA-06C584934506}"
EndProject
Project("{9A19103F-16F7-4668-BE54-9A1E7A4F7556}") = "MicroApi.Update.Testing.UnitTests", "Update\MicroApi.Update.Testing.UnitTests\MicroApi.Update.Testing.UnitTests.csproj", "{C73E7B5A-7E6B-4142-82AF-024C47258476}"
EndProject
Project("{2150E333-8FDC-42A3-9474-1A3956D46DE8}") = "Delete", "Delete", "{F0A520A0-E7C0-420C-B278-0B11515CCED5}"
EndProject
Project("{9A19103F-16F7-4668-BE54-9A1E7A4F7556}") = "MicroApi.Delete", "Delete\MicroApi.Delete\MicroApi.Delete.csproj", "{8008FBC6-7333-4514-8A0A-6A86FA14B357}"
EndProject
Project("{9A19103F-16F7-4668-BE54-9A1E7A4F7556}") = "MicroApi.Delete.Testing.UnitTests", "Delete\MicroApi.Delete.Testing.UnitTests\MicroApi.Delete.Testing.UnitTests.csproj", "{1D652599-21DA-4AA3-ABDC-D34245C45FF0}"
EndProject
Project("{9A19103F-16F7-4668-BE54-9A1E7A4F7556}") = "MicroApi.Testing.UnitTests", "MicroApi.Testing.UnitTests\MicroApi.Testing.UnitTests.csproj", "{48606422-463A-48C3-9F39-F030B69E0EC7}"
EndProject
Project("{9A19103F-16F7-4668-BE54-9A1E7A4F7556}") = "MicroApi.Delete.Example", "Delete\MicroApi.Delete.Example\MicroApi.Delete.Example.csproj", "{7F4B958B-BB1C-4859-B6ED-2E80E2C2ABB2}"
EndProject
Project("{9A19103F-16F7-4668-BE54-9A1E7A4F7556}") = "MicroApi.Update.Example", "Update\MicroApi.Update.Example\MicroApi.Update.Example.csproj", "{757DA353-4A37-45BA-A2DF-862538BF48D1}"
EndProject
Global
	GlobalSection(SolutionConfigurationPlatforms) = preSolution
		Debug|Any CPU = Debug|Any CPU
		Release|Any CPU = Release|Any CPU
	EndGlobalSection
	GlobalSection(ProjectConfigurationPlatforms) = postSolution
		{41278EDC-3D6A-4589-8FBD-14263203A540}.Debug|Any CPU.ActiveCfg = Debug|Any CPU
		{41278EDC-3D6A-4589-8FBD-14263203A540}.Debug|Any CPU.Build.0 = Debug|Any CPU
		{41278EDC-3D6A-4589-8FBD-14263203A540}.Release|Any CPU.ActiveCfg = Release|Any CPU
		{41278EDC-3D6A-4589-8FBD-14263203A540}.Release|Any CPU.Build.0 = Release|Any CPU
		{B8400918-C31D-46AF-8580-004BBAEA235C}.Debug|Any CPU.ActiveCfg = Debug|Any CPU
		{B8400918-C31D-46AF-8580-004BBAEA235C}.Debug|Any CPU.Build.0 = Debug|Any CPU
		{B8400918-C31D-46AF-8580-004BBAEA235C}.Release|Any CPU.ActiveCfg = Release|Any CPU
		{B8400918-C31D-46AF-8580-004BBAEA235C}.Release|Any CPU.Build.0 = Release|Any CPU
		{2A2552EE-46F7-4FB0-A6D9-A0FC0AD7E955}.Debug|Any CPU.ActiveCfg = Debug|Any CPU
		{2A2552EE-46F7-4FB0-A6D9-A0FC0AD7E955}.Debug|Any CPU.Build.0 = Debug|Any CPU
		{2A2552EE-46F7-4FB0-A6D9-A0FC0AD7E955}.Release|Any CPU.ActiveCfg = Release|Any CPU
		{2A2552EE-46F7-4FB0-A6D9-A0FC0AD7E955}.Release|Any CPU.Build.0 = Release|Any CPU
		{C1F26871-786F-427C-BB40-9494FD7DF7E7}.Debug|Any CPU.ActiveCfg = Debug|Any CPU
		{C1F26871-786F-427C-BB40-9494FD7DF7E7}.Debug|Any CPU.Build.0 = Debug|Any CPU
		{C1F26871-786F-427C-BB40-9494FD7DF7E7}.Release|Any CPU.ActiveCfg = Release|Any CPU
		{C1F26871-786F-427C-BB40-9494FD7DF7E7}.Release|Any CPU.Build.0 = Release|Any CPU
		{31E54E9A-360B-4238-B79D-9C12277857FB}.Debug|Any CPU.ActiveCfg = Debug|Any CPU
		{31E54E9A-360B-4238-B79D-9C12277857FB}.Debug|Any CPU.Build.0 = Debug|Any CPU
		{31E54E9A-360B-4238-B79D-9C12277857FB}.Release|Any CPU.ActiveCfg = Release|Any CPU
		{31E54E9A-360B-4238-B79D-9C12277857FB}.Release|Any CPU.Build.0 = Release|Any CPU
		{972EBD6A-AE45-44F4-9BDD-F38C001B24A2}.Debug|Any CPU.ActiveCfg = Debug|Any CPU
		{972EBD6A-AE45-44F4-9BDD-F38C001B24A2}.Debug|Any CPU.Build.0 = Debug|Any CPU
		{972EBD6A-AE45-44F4-9BDD-F38C001B24A2}.Release|Any CPU.ActiveCfg = Release|Any CPU
		{972EBD6A-AE45-44F4-9BDD-F38C001B24A2}.Release|Any CPU.Build.0 = Release|Any CPU
		{CC55323C-6945-4C49-BFFF-EC04519F4A09}.Debug|Any CPU.ActiveCfg = Debug|Any CPU
		{CC55323C-6945-4C49-BFFF-EC04519F4A09}.Debug|Any CPU.Build.0 = Debug|Any CPU
		{CC55323C-6945-4C49-BFFF-EC04519F4A09}.Release|Any CPU.ActiveCfg = Release|Any CPU
		{CC55323C-6945-4C49-BFFF-EC04519F4A09}.Release|Any CPU.Build.0 = Release|Any CPU
		{B6107615-E890-405F-ADDA-06C584934506}.Debug|Any CPU.ActiveCfg = Debug|Any CPU
		{B6107615-E890-405F-ADDA-06C584934506}.Debug|Any CPU.Build.0 = Debug|Any CPU
		{B6107615-E890-405F-ADDA-06C584934506}.Release|Any CPU.ActiveCfg = Release|Any CPU
		{B6107615-E890-405F-ADDA-06C584934506}.Release|Any CPU.Build.0 = Release|Any CPU
		{C73E7B5A-7E6B-4142-82AF-024C47258476}.Debug|Any CPU.ActiveCfg = Debug|Any CPU
		{C73E7B5A-7E6B-4142-82AF-024C47258476}.Debug|Any CPU.Build.0 = Debug|Any CPU
		{C73E7B5A-7E6B-4142-82AF-024C47258476}.Release|Any CPU.ActiveCfg = Release|Any CPU
		{C73E7B5A-7E6B-4142-82AF-024C47258476}.Release|Any CPU.Build.0 = Release|Any CPU
		{8008FBC6-7333-4514-8A0A-6A86FA14B357}.Debug|Any CPU.ActiveCfg = Debug|Any CPU
		{8008FBC6-7333-4514-8A0A-6A86FA14B357}.Debug|Any CPU.Build.0 = Debug|Any CPU
		{8008FBC6-7333-4514-8A0A-6A86FA14B357}.Release|Any CPU.ActiveCfg = Release|Any CPU
		{8008FBC6-7333-4514-8A0A-6A86FA14B357}.Release|Any CPU.Build.0 = Release|Any CPU
		{1D652599-21DA-4AA3-ABDC-D34245C45FF0}.Debug|Any CPU.ActiveCfg = Debug|Any CPU
		{1D652599-21DA-4AA3-ABDC-D34245C45FF0}.Debug|Any CPU.Build.0 = Debug|Any CPU
		{1D652599-21DA-4AA3-ABDC-D34245C45FF0}.Release|Any CPU.ActiveCfg = Release|Any CPU
		{1D652599-21DA-4AA3-ABDC-D34245C45FF0}.Release|Any CPU.Build.0 = Release|Any CPU
		{48606422-463A-48C3-9F39-F030B69E0EC7}.Debug|Any CPU.ActiveCfg = Debug|Any CPU
		{48606422-463A-48C3-9F39-F030B69E0EC7}.Debug|Any CPU.Build.0 = Debug|Any CPU
		{48606422-463A-48C3-9F39-F030B69E0EC7}.Release|Any CPU.ActiveCfg = Release|Any CPU
		{48606422-463A-48C3-9F39-F030B69E0EC7}.Release|Any CPU.Build.0 = Release|Any CPU
		{7F4B958B-BB1C-4859-B6ED-2E80E2C2ABB2}.Debug|Any CPU.ActiveCfg = Debug|Any CPU
		{7F4B958B-BB1C-4859-B6ED-2E80E2C2ABB2}.Debug|Any CPU.Build.0 = Debug|Any CPU
		{7F4B958B-BB1C-4859-B6ED-2E80E2C2ABB2}.Release|Any CPU.ActiveCfg = Release|Any CPU
		{7F4B958B-BB1C-4859-B6ED-2E80E2C2ABB2}.Release|Any CPU.Build.0 = Release|Any CPU
		{757DA353-4A37-45BA-A2DF-862538BF48D1}.Debug|Any CPU.ActiveCfg = Debug|Any CPU
		{757DA353-4A37-45BA-A2DF-862538BF48D1}.Debug|Any CPU.Build.0 = Debug|Any CPU
		{757DA353-4A37-45BA-A2DF-862538BF48D1}.Release|Any CPU.ActiveCfg = Release|Any CPU
		{757DA353-4A37-45BA-A2DF-862538BF48D1}.Release|Any CPU.Build.0 = Release|Any CPU
	EndGlobalSection
	GlobalSection(SolutionProperties) = preSolution
		HideSolutionNode = FALSE
	EndGlobalSection
	GlobalSection(NestedProjects) = preSolution
		{41278EDC-3D6A-4589-8FBD-14263203A540} = {6CFE6B23-8948-44C2-A9AE-F0B33CB05FB8}
		{B8400918-C31D-46AF-8580-004BBAEA235C} = {6CFE6B23-8948-44C2-A9AE-F0B33CB05FB8}
		{2A2552EE-46F7-4FB0-A6D9-A0FC0AD7E955} = {3E994F56-0FA7-4C93-9004-D63795F27850}
		{C1F26871-786F-427C-BB40-9494FD7DF7E7} = {3E994F56-0FA7-4C93-9004-D63795F27850}
		{972EBD6A-AE45-44F4-9BDD-F38C001B24A2} = {6CFE6B23-8948-44C2-A9AE-F0B33CB05FB8}
		{CC55323C-6945-4C49-BFFF-EC04519F4A09} = {3E994F56-0FA7-4C93-9004-D63795F27850}
		{B6107615-E890-405F-ADDA-06C584934506} = {20DDC667-8ED4-417E-8E79-E009DE4F8181}
		{C73E7B5A-7E6B-4142-82AF-024C47258476} = {20DDC667-8ED4-417E-8E79-E009DE4F8181}
		{8008FBC6-7333-4514-8A0A-6A86FA14B357} = {F0A520A0-E7C0-420C-B278-0B11515CCED5}
		{1D652599-21DA-4AA3-ABDC-D34245C45FF0} = {F0A520A0-E7C0-420C-B278-0B11515CCED5}
		{7F4B958B-BB1C-4859-B6ED-2E80E2C2ABB2} = {F0A520A0-E7C0-420C-B278-0B11515CCED5}
		{757DA353-4A37-45BA-A2DF-862538BF48D1} = {20DDC667-8ED4-417E-8E79-E009DE4F8181}
	EndGlobalSection
	GlobalSection(ExtensibilityGlobals) = postSolution
		SolutionGuid = {14AAB7F6-4D4D-44D1-B159-3949FACF40AC}
	EndGlobalSection
EndGlobal
